// !$*UTF8*$!
{
	archiveVersion = 1;
	classes = {
	};
	objectVersion = 77;
	objects = {

/* Begin PBXBuildFile section */
		04C563DD18B83FD42D1A2148 /* ModifierState.swift in Sources */ = {isa = PBXBuildFile; fileRef = 7557FB6D27AD3F10EF14B3D6 /* ModifierState.swift */; };
		327AE769E0ED321F1243819B /* MacroBarView.swift in Sources */ = {isa = PBXBuildFile; fileRef = AB16391975BF19CC76F743F6 /* MacroBarView.swift */; };
		36E4865864F91017716E58C5 /* GestureTranslator.swift in Sources */ = {isa = PBXBuildFile; fileRef = 065C28ED339C221751012FB2 /* GestureTranslator.swift */; };
		4562BA3AA211A817A6102F9E /* FunctionRowView.swift in Sources */ = {isa = PBXBuildFile; fileRef = 6D76280482AE3DB3722CE17F /* FunctionRowView.swift */; };
		4B09ADD3F30DF1F16503BE1B /* LayoutPickerView.swift in Sources */ = {isa = PBXBuildFile; fileRef = 6F025966E90502F778B59801 /* LayoutPickerView.swift */; };
		54EE3E405CBBD49B1BF8433B /* Assets.xcassets in Resources */ = {isa = PBXBuildFile; fileRef = 43C06F70B676CDC995729276 /* Assets.xcassets */; };
		73006E6575FF1F11BEB24A20 /* RootView.swift in Sources */ = {isa = PBXBuildFile; fileRef = 388785E80E97C46FA5308140 /* RootView.swift */; };
		78FF37811CEC2674309CA165 /* MacroStore.swift in Sources */ = {isa = PBXBuildFile; fileRef = AE568D0A1D33296977F9729B /* MacroStore.swift */; };
		7BB8427783289C5F5AC4152B /* Key.swift in Sources */ = {isa = PBXBuildFile; fileRef = F8777B72BBC6295C7DB9A44F /* Key.swift */; };
		8696D8C9C9E48DAF50155AA0 /* MacroSlot.swift in Sources */ = {isa = PBXBuildFile; fileRef = C02EC4C79DA646C288B668AD /* MacroSlot.swift */; };
		88307025910EE817FEF3C31C /* KeyboardLayout.swift in Sources */ = {isa = PBXBuildFile; fileRef = 070BA763E7B9F259D0542323 /* KeyboardLayout.swift */; };
		8CF3A249A94C9A8DCF2C2C4A /* magicMiceTests.swift in Sources */ = {isa = PBXBuildFile; fileRef = 2E0CC237745405B2B2976D7A /* magicMiceTests.swift */; };
		8E747C886904070218262CCF /* HapticEngine.swift in Sources */ = {isa = PBXBuildFile; fileRef = 639F2D8F08817C003CE81068 /* HapticEngine.swift */; };
		976DD49013295239CFE4A44A /* GestureZoneView.swift in Sources */ = {isa = PBXBuildFile; fileRef = 75F448D8529BEAB8EACDF5A4 /* GestureZoneView.swift */; };
		9F193BFA79C83F0D743852F9 /* AppDelegate.swift in Sources */ = {isa = PBXBuildFile; fileRef = E4356F1BC86029A3D2655AB6 /* AppDelegate.swift */; };
		ABA5B3D52F9DE33DD56A7C96 /* KeyDispatcher.swift in Sources */ = {isa = PBXBuildFile; fileRef = 01AC63F9E5D79E77A315C58F /* KeyDispatcher.swift */; };
		BADB3BA6FB00C6F433AFEB94 /* MacroEditSheet.swift in Sources */ = {isa = PBXBuildFile; fileRef = 91EF9F944F064F9FAC6D6202 /* MacroEditSheet.swift */; };
		DA240F4F84B4C9BDD651087D /* SettingsView.swift in Sources */ = {isa = PBXBuildFile; fileRef = 1EF77916E712BCE271B8D6A5 /* SettingsView.swift */; };
		E5D1633225FA50129A6532E9 /* LayoutMode.swift in Sources */ = {isa = PBXBuildFile; fileRef = 03E351313244DD5556E0181F /* LayoutMode.swift */; };
		EB58390E90FD78E0B2E22D72 /* KeyboardView.swift in Sources */ = {isa = PBXBuildFile; fileRef = 4EBF0D11F62B861F9259AF1F /* KeyboardView.swift */; };
		EE4A83B5FDC076AE473597AD /* DisplayMonitor.swift in Sources */ = {isa = PBXBuildFile; fileRef = 1F8C02ED2C5F1DAACC002BE1 /* DisplayMonitor.swift */; };
		F19CDCEDAA6C345F4E065DA1 /* magicMiceApp.swift in Sources */ = {isa = PBXBuildFile; fileRef = 4B04399A10C872645284FB31 /* magicMiceApp.swift */; };
		FB36AA4F1EC44F9BA4868142 /* Localizable.strings in Resources */ = {isa = PBXBuildFile; fileRef = 6674F14C317AD8BF73D9E055 /* Localizable.strings */; };
		FBAFAAD9FA71DB8AB06B28C8 /* GestureZoneViewModel.swift in Sources */ = {isa = PBXBuildFile; fileRef = B0A4FD61EDE569B723BB7857 /* GestureZoneViewModel.swift */; };
		FBF4E84F320CEAF5C42A17AB /* MacroSlotView.swift in Sources */ = {isa = PBXBuildFile; fileRef = A8AF1CC08D441DC45E3F70F1 /* MacroSlotView.swift */; };
		FD42ED3C07E756B1D2F37EA6 /* KeyView.swift in Sources */ = {isa = PBXBuildFile; fileRef = 6616BF0290E347F72E3D8A38 /* KeyView.swift */; };
/* End PBXBuildFile section */

/* Begin PBXContainerItemProxy section */
		59107D9B7CFBA921627B69AF /* PBXContainerItemProxy */ = {
			isa = PBXContainerItemProxy;
			containerPortal = E2BA331950E13DDF00B49EE5 /* Project object */;
			proxyType = 1;
			remoteGlobalIDString = 34B983E067980AEE7E900C10;
			remoteInfo = magicMice;
		};
/* End PBXContainerItemProxy section */

/* Begin PBXFileReference section */
		01AC63F9E5D79E77A315C58F /* KeyDispatcher.swift */ = {isa = PBXFileReference; lastKnownFileType = sourcecode.swift; path = KeyDispatcher.swift; sourceTree = "<group>"; };
		03E351313244DD5556E0181F /* LayoutMode.swift */ = {isa = PBXFileReference; lastKnownFileType = sourcecode.swift; path = LayoutMode.swift; sourceTree = "<group>"; };
		065C28ED339C221751012FB2 /* GestureTranslator.swift */ = {isa = PBXFileReference; lastKnownFileType = sourcecode.swift; path = GestureTranslator.swift; sourceTree = "<group>"; };
		070BA763E7B9F259D0542323 /* KeyboardLayout.swift */ = {isa = PBXFileReference; lastKnownFileType = sourcecode.swift; path = KeyboardLayout.swift; sourceTree = "<group>"; };
		1EF77916E712BCE271B8D6A5 /* SettingsView.swift */ = {isa = PBXFileReference; lastKnownFileType = sourcecode.swift; path = SettingsView.swift; sourceTree = "<group>"; };
		1F8C02ED2C5F1DAACC002BE1 /* DisplayMonitor.swift */ = {isa = PBXFileReference; lastKnownFileType = sourcecode.swift; path = DisplayMonitor.swift; sourceTree = "<group>"; };
		22F8BBC5ADB1DE2FDD14EA11 /* Info.plist */ = {isa = PBXFileReference; lastKnownFileType = text.plist; path = Info.plist; sourceTree = "<group>"; };
		2E0CC237745405B2B2976D7A /* magicMiceTests.swift */ = {isa = PBXFileReference; lastKnownFileType = sourcecode.swift; path = magicMiceTests.swift; sourceTree = "<group>"; };
		370D6A9540FE00992FFE87EF /* magicMiceTests.xctest */ = {isa = PBXFileReference; includeInIndex = 0; lastKnownFileType = wrapper.cfbundle; path = magicMiceTests.xctest; sourceTree = BUILT_PRODUCTS_DIR; };
		388785E80E97C46FA5308140 /* RootView.swift */ = {isa = PBXFileReference; lastKnownFileType = sourcecode.swift; path = RootView.swift; sourceTree = "<group>"; };
		43C06F70B676CDC995729276 /* Assets.xcassets */ = {isa = PBXFileReference; lastKnownFileType = folder.assetcatalog; path = Assets.xcassets; sourceTree = "<group>"; };
		4B04399A10C872645284FB31 /* magicMiceApp.swift */ = {isa = PBXFileReference; lastKnownFileType = sourcecode.swift; path = magicMiceApp.swift; sourceTree = "<group>"; };
		4EBF0D11F62B861F9259AF1F /* KeyboardView.swift */ = {isa = PBXFileReference; lastKnownFileType = sourcecode.swift; path = KeyboardView.swift; sourceTree = "<group>"; };
		639F2D8F08817C003CE81068 /* HapticEngine.swift */ = {isa = PBXFileReference; lastKnownFileType = sourcecode.swift; path = HapticEngine.swift; sourceTree = "<group>"; };
		6616BF0290E347F72E3D8A38 /* KeyView.swift */ = {isa = PBXFileReference; lastKnownFileType = sourcecode.swift; path = KeyView.swift; sourceTree = "<group>"; };
		6674F14C317AD8BF73D9E055 /* Localizable.strings */ = {isa = PBXFileReference; lastKnownFileType = text.plist.strings; path = Localizable.strings; sourceTree = "<group>"; };
		6D76280482AE3DB3722CE17F /* FunctionRowView.swift */ = {isa = PBXFileReference; lastKnownFileType = sourcecode.swift; path = FunctionRowView.swift; sourceTree = "<group>"; };
		6F025966E90502F778B59801 /* LayoutPickerView.swift */ = {isa = PBXFileReference; lastKnownFileType = sourcecode.swift; path = LayoutPickerView.swift; sourceTree = "<group>"; };
		7557FB6D27AD3F10EF14B3D6 /* ModifierState.swift */ = {isa = PBXFileReference; lastKnownFileType = sourcecode.swift; path = ModifierState.swift; sourceTree = "<group>"; };
		75F448D8529BEAB8EACDF5A4 /* GestureZoneView.swift */ = {isa = PBXFileReference; lastKnownFileType = sourcecode.swift; path = GestureZoneView.swift; sourceTree = "<group>"; };
		91EF9F944F064F9FAC6D6202 /* MacroEditSheet.swift */ = {isa = PBXFileReference; lastKnownFileType = sourcecode.swift; path = MacroEditSheet.swift; sourceTree = "<group>"; };
		A34ACA2636D15FFFFDD16D4D /* magicMice.app */ = {isa = PBXFileReference; explicitFileType = wrapper.application; includeInIndex = 0; path = magicMice.app; sourceTree = BUILT_PRODUCTS_DIR; };
		A8AF1CC08D441DC45E3F70F1 /* MacroSlotView.swift */ = {isa = PBXFileReference; lastKnownFileType = sourcecode.swift; path = MacroSlotView.swift; sourceTree = "<group>"; };
		AB16391975BF19CC76F743F6 /* MacroBarView.swift */ = {isa = PBXFileReference; lastKnownFileType = sourcecode.swift; path = MacroBarView.swift; sourceTree = "<group>"; };
		AE568D0A1D33296977F9729B /* MacroStore.swift */ = {isa = PBXFileReference; lastKnownFileType = sourcecode.swift; path = MacroStore.swift; sourceTree = "<group>"; };
		B0A4FD61EDE569B723BB7857 /* GestureZoneViewModel.swift */ = {isa = PBXFileReference; lastKnownFileType = sourcecode.swift; path = GestureZoneViewModel.swift; sourceTree = "<group>"; };
		C02EC4C79DA646C288B668AD /* MacroSlot.swift */ = {isa = PBXFileReference; lastKnownFileType = sourcecode.swift; path = MacroSlot.swift; sourceTree = "<group>"; };
		E4356F1BC86029A3D2655AB6 /* AppDelegate.swift */ = {isa = PBXFileReference; lastKnownFileType = sourcecode.swift; path = AppDelegate.swift; sourceTree = "<group>"; };
		F8777B72BBC6295C7DB9A44F /* Key.swift */ = {isa = PBXFileReference; lastKnownFileType = sourcecode.swift; path = Key.swift; sourceTree = "<group>"; };
/* End PBXFileReference section */

/* Begin PBXGroup section */
		1649D1C658E3F74336ED9F1D /* magicMice */ = {
			isa = PBXGroup;
			children = (
				54D5137245CAD14E0684EE8B /* App */,
				AD66E1DAF485AEAA4510EA79 /* Core */,
				B520617BE33C850846AD2B1A /* Models */,
				495E03F3979DFF490F8C1733 /* Resources */,
				AEBD3E2C8C4224FE817CA1CC /* UI */,
			);
			path = magicMice;
			sourceTree = "<group>";
		};
		340653E9094AE33015848449 /* InputEngine */ = {
			isa = PBXGroup;
			children = (
				065C28ED339C221751012FB2 /* GestureTranslator.swift */,
				639F2D8F08817C003CE81068 /* HapticEngine.swift */,
				01AC63F9E5D79E77A315C58F /* KeyDispatcher.swift */,
				7557FB6D27AD3F10EF14B3D6 /* ModifierState.swift */,
			);
			path = InputEngine;
			sourceTree = "<group>";
		};
		495E03F3979DFF490F8C1733 /* Resources */ = {
			isa = PBXGroup;
			children = (
				43C06F70B676CDC995729276 /* Assets.xcassets */,
				22F8BBC5ADB1DE2FDD14EA11 /* Info.plist */,
				6674F14C317AD8BF73D9E055 /* Localizable.strings */,
			);
			path = Resources;
			sourceTree = "<group>";
		};
		54D5137245CAD14E0684EE8B /* App */ = {
			isa = PBXGroup;
			children = (
				E4356F1BC86029A3D2655AB6 /* AppDelegate.swift */,
				4B04399A10C872645284FB31 /* magicMiceApp.swift */,
			);
			path = App;
			sourceTree = "<group>";
		};
		5B2E4670A73A3E6829258008 /* MacroBar */ = {
			isa = PBXGroup;
			children = (
				AB16391975BF19CC76F743F6 /* MacroBarView.swift */,
				91EF9F944F064F9FAC6D6202 /* MacroEditSheet.swift */,
				A8AF1CC08D441DC45E3F70F1 /* MacroSlotView.swift */,
			);
			path = MacroBar;
			sourceTree = "<group>";
		};
		6A49B82799B34D0A63E02475 /* Settings */ = {
			isa = PBXGroup;
			children = (
				6F025966E90502F778B59801 /* LayoutPickerView.swift */,
				1EF77916E712BCE271B8D6A5 /* SettingsView.swift */,
			);
			path = Settings;
			sourceTree = "<group>";
		};
		739AC8400930AECF6C4E3138 /* GestureZone */ = {
			isa = PBXGroup;
			children = (
				75F448D8529BEAB8EACDF5A4 /* GestureZoneView.swift */,
				B0A4FD61EDE569B723BB7857 /* GestureZoneViewModel.swift */,
			);
			path = GestureZone;
			sourceTree = "<group>";
		};
		7FE84B8D2553FA24C7107C36 /* Keyboard */ = {
			isa = PBXGroup;
			children = (
				6D76280482AE3DB3722CE17F /* FunctionRowView.swift */,
				070BA763E7B9F259D0542323 /* KeyboardLayout.swift */,
				4EBF0D11F62B861F9259AF1F /* KeyboardView.swift */,
				6616BF0290E347F72E3D8A38 /* KeyView.swift */,
			);
			path = Keyboard;
			sourceTree = "<group>";
		};
		870F96CEC4BC693A34D1C9BB /* Products */ = {
			isa = PBXGroup;
			children = (
				A34ACA2636D15FFFFDD16D4D /* magicMice.app */,
				370D6A9540FE00992FFE87EF /* magicMiceTests.xctest */,
			);
			name = Products;
			sourceTree = "<group>";
		};
		932A15DE7E97B40FE6623D01 = {
			isa = PBXGroup;
			children = (
				1649D1C658E3F74336ED9F1D /* magicMice */,
				CA77B6253C21000E0AA5BDCB /* magicMiceTests */,
				870F96CEC4BC693A34D1C9BB /* Products */,
			);
			sourceTree = "<group>";
		};
		AD66E1DAF485AEAA4510EA79 /* Core */ = {
			isa = PBXGroup;
			children = (
				1F8C02ED2C5F1DAACC002BE1 /* DisplayMonitor.swift */,
				AE568D0A1D33296977F9729B /* MacroStore.swift */,
				340653E9094AE33015848449 /* InputEngine */,
			);
			path = Core;
			sourceTree = "<group>";
		};
		AEBD3E2C8C4224FE817CA1CC /* UI */ = {
			isa = PBXGroup;
			children = (
				388785E80E97C46FA5308140 /* RootView.swift */,
				739AC8400930AECF6C4E3138 /* GestureZone */,
				7FE84B8D2553FA24C7107C36 /* Keyboard */,
				5B2E4670A73A3E6829258008 /* MacroBar */,
				6A49B82799B34D0A63E02475 /* Settings */,
			);
			path = UI;
			sourceTree = "<group>";
		};
		B520617BE33C850846AD2B1A /* Models */ = {
			isa = PBXGroup;
			children = (
				F8777B72BBC6295C7DB9A44F /* Key.swift */,
				03E351313244DD5556E0181F /* LayoutMode.swift */,
				C02EC4C79DA646C288B668AD /* MacroSlot.swift */,
			);
			path = Models;
			sourceTree = "<group>";
		};
		CA77B6253C21000E0AA5BDCB /* magicMiceTests */ = {
			isa = PBXGroup;
			children = (
				2E0CC237745405B2B2976D7A /* magicMiceTests.swift */,
			);
			path = magicMiceTests;
			sourceTree = "<group>";
		};
/* End PBXGroup section */

/* Begin PBXNativeTarget section */
		34B983E067980AEE7E900C10 /* magicMice */ = {
			isa = PBXNativeTarget;
			buildConfigurationList = 2CFC9C37EDE397A058D3978A /* Build configuration list for PBXNativeTarget "magicMice" */;
			buildPhases = (
				A94C6FF67D9EBF6EB8C7A4D0 /* Sources */,
				48C253B386A696BF867513AF /* Resources */,
			);
			buildRules = (
			);
			dependencies = (
			);
			name = magicMice;
			packageProductDependencies = (
			);
			productName = magicMice;
			productReference = A34ACA2636D15FFFFDD16D4D /* magicMice.app */;
			productType = "com.apple.product-type.application";
		};
		71230028B4BDD07E6045B67E /* magicMiceTests */ = {
			isa = PBXNativeTarget;
			buildConfigurationList = 147537243A0BD0E2A88D990B /* Build configuration list for PBXNativeTarget "magicMiceTests" */;
			buildPhases = (
				B77B2CC9FEEA2956F9C70C9F /* Sources */,
			);
			buildRules = (
			);
			dependencies = (
				6D711DF0382CD28E8A2576E9 /* PBXTargetDependency */,
			);
			name = magicMiceTests;
			packageProductDependencies = (
			);
			productName = magicMiceTests;
			productReference = 370D6A9540FE00992FFE87EF /* magicMiceTests.xctest */;
			productType = "com.apple.product-type.bundle.unit-test";
		};
/* End PBXNativeTarget section */

/* Begin PBXProject section */
		E2BA331950E13DDF00B49EE5 /* Project object */ = {
			isa = PBXProject;
			attributes = {
				BuildIndependentTargetsInParallel = YES;
				LastUpgradeCheck = 1520;
			};
			buildConfigurationList = 1457A4D808FF003650570BF9 /* Build configuration list for PBXProject "magicMice" */;
			developmentRegion = en;
			hasScannedForEncodings = 0;
			knownRegions = (
				Base,
				en,
			);
			mainGroup = 932A15DE7E97B40FE6623D01;
			minimizedProjectReferenceProxies = 1;
			preferredProjectObjectVersion = 77;
			productRefGroup = 870F96CEC4BC693A34D1C9BB /* Products */;
			projectDirPath = "";
			projectRoot = "";
			targets = (
				34B983E067980AEE7E900C10 /* magicMice */,
				71230028B4BDD07E6045B67E /* magicMiceTests */,
			);
		};
/* End PBXProject section */

/* Begin PBXResourcesBuildPhase section */
		48C253B386A696BF867513AF /* Resources */ = {
			isa = PBXResourcesBuildPhase;
			buildActionMask = 2147483647;
			files = (
				54EE3E405CBBD49B1BF8433B /* Assets.xcassets in Resources */,
				FB36AA4F1EC44F9BA4868142 /* Localizable.strings in Resources */,
			);
			runOnlyForDeploymentPostprocessing = 0;
		};
/* End PBXResourcesBuildPhase section */

/* Begin PBXSourcesBuildPhase section */
		A94C6FF67D9EBF6EB8C7A4D0 /* Sources */ = {
			isa = PBXSourcesBuildPhase;
			buildActionMask = 2147483647;
			files = (
				9F193BFA79C83F0D743852F9 /* AppDelegate.swift in Sources */,
				EE4A83B5FDC076AE473597AD /* DisplayMonitor.swift in Sources */,
				4562BA3AA211A817A6102F9E /* FunctionRowView.swift in Sources */,
				36E4865864F91017716E58C5 /* GestureTranslator.swift in Sources */,
				976DD49013295239CFE4A44A /* GestureZoneView.swift in Sources */,
				FBAFAAD9FA71DB8AB06B28C8 /* GestureZoneViewModel.swift in Sources */,
				8E747C886904070218262CCF /* HapticEngine.swift in Sources */,
				7BB8427783289C5F5AC4152B /* Key.swift in Sources */,
				ABA5B3D52F9DE33DD56A7C96 /* KeyDispatcher.swift in Sources */,
				FD42ED3C07E756B1D2F37EA6 /* KeyView.swift in Sources */,
				88307025910EE817FEF3C31C /* KeyboardLayout.swift in Sources */,
				EB58390E90FD78E0B2E22D72 /* KeyboardView.swift in Sources */,
				E5D1633225FA50129A6532E9 /* LayoutMode.swift in Sources */,
				4B09ADD3F30DF1F16503BE1B /* LayoutPickerView.swift in Sources */,
				327AE769E0ED321F1243819B /* MacroBarView.swift in Sources */,
				BADB3BA6FB00C6F433AFEB94 /* MacroEditSheet.swift in Sources */,
				8696D8C9C9E48DAF50155AA0 /* MacroSlot.swift in Sources */,
				FBF4E84F320CEAF5C42A17AB /* MacroSlotView.swift in Sources */,
				78FF37811CEC2674309CA165 /* MacroStore.swift in Sources */,
				04C563DD18B83FD42D1A2148 /* ModifierState.swift in Sources */,
				73006E6575FF1F11BEB24A20 /* RootView.swift in Sources */,
				DA240F4F84B4C9BDD651087D /* SettingsView.swift in Sources */,
				F19CDCEDAA6C345F4E065DA1 /* magicMiceApp.swift in Sources */,
			);
			runOnlyForDeploymentPostprocessing = 0;
		};
		B77B2CC9FEEA2956F9C70C9F /* Sources */ = {
			isa = PBXSourcesBuildPhase;
			buildActionMask = 2147483647;
			files = (
				8CF3A249A94C9A8DCF2C2C4A /* magicMiceTests.swift in Sources */,
			);
			runOnlyForDeploymentPostprocessing = 0;
		};
/* End PBXSourcesBuildPhase section */

/* Begin PBXTargetDependency section */
		6D711DF0382CD28E8A2576E9 /* PBXTargetDependency */ = {
			isa = PBXTargetDependency;
			target = 34B983E067980AEE7E900C10 /* magicMice */;
			targetProxy = 59107D9B7CFBA921627B69AF /* PBXContainerItemProxy */;
		};
/* End PBXTargetDependency section */

/* Begin XCBuildConfiguration section */
		23F38FCF02C23A09A2AE3776 /* Release */ = {
			isa = XCBuildConfiguration;
			buildSettings = {
				BUNDLE_LOADER = "$(TEST_HOST)";
				LD_RUNPATH_SEARCH_PATHS = (
					"$(inherited)",
					"@executable_path/Frameworks",
					"@loader_path/Frameworks",
				);
				PRODUCT_BUNDLE_IDENTIFIER = com.magicmice.magicMiceTests;
				SDKROOT = iphoneos;
				TARGETED_DEVICE_FAMILY = "1,2";
				TEST_HOST = "$(BUILT_PRODUCTS_DIR)/magicMice.app/magicMice";
			};
			name = Release;
		};
		59A615651ABD1C12083FB4F9 /* Release */ = {
			isa = XCBuildConfiguration;
			buildSettings = {
				ASSETCATALOG_COMPILER_APPICON_NAME = AppIcon;
				CODE_SIGN_IDENTITY = "Apple Development";
				CODE_SIGN_STYLE = Automatic;
				DEVELOPMENT_TEAM = MU335F3K6A;
				INFOPLIST_FILE = magicMice/Resources/Info.plist;
				INFOPLIST_KEY_LSApplicationCategoryType = "public.app-category.utilities";
				LD_RUNPATH_SEARCH_PATHS = (
					"$(inherited)",
					"@executable_path/Frameworks",
				);
				PRODUCT_BUNDLE_IDENTIFIER = com.Dn0w.magicMice;
				SDKROOT = iphoneos;
				TARGETED_DEVICE_FAMILY = "1,2";
			};
			name = Release;
		};
		76310D7F99489596092BFB2E /* Debug */ = {
			isa = XCBuildConfiguration;
			buildSettings = {
				ALWAYS_SEARCH_USER_PATHS = NO;
				CLANG_ANALYZER_NONNULL = YES;
				CLANG_ANALYZER_NUMBER_OBJECT_CONVERSION = YES_AGGRESSIVE;
				CLANG_CXX_LANGUAGE_STANDARD = "gnu++14";
				CLANG_CXX_LIBRARY = "libc++";
				CLANG_ENABLE_MODULES = YES;
				CLANG_ENABLE_OBJC_ARC = YES;
				CLANG_ENABLE_OBJC_WEAK = YES;
				CLANG_WARN_BLOCK_CAPTURE_AUTORELEASING = YES;
				CLANG_WARN_BOOL_CONVERSION = YES;
				CLANG_WARN_COMMA = YES;
				CLANG_WARN_CONSTANT_CONVERSION = YES;
				CLANG_WARN_DEPRECATED_OBJC_IMPLEMENTATIONS = YES;
				CLANG_WARN_DIRECT_OBJC_ISA_USAGE = YES_ERROR;
				CLANG_WARN_DOCUMENTATION_COMMENTS = YES;
				CLANG_WARN_EMPTY_BODY = YES;
				CLANG_WARN_ENUM_CONVERSION = YES;
				CLANG_WARN_INFINITE_RECURSION = YES;
				CLANG_WARN_INT_CONVERSION = YES;
				CLANG_WARN_NON_LITERAL_NULL_CONVERSION = YES;
				CLANG_WARN_OBJC_IMPLICIT_RETAIN_SELF = YES;
				CLANG_WARN_OBJC_LITERAL_CONVERSION = YES;
				CLANG_WARN_OBJC_ROOT_CLASS = YES_ERROR;
				CLANG_WARN_QUOTED_INCLUDE_IN_FRAMEWORK_HEADER = YES;
				CLANG_WARN_RANGE_LOOP_ANALYSIS = YES;
				CLANG_WARN_STRICT_PROTOTYPES = YES;
				CLANG_WARN_SUSPICIOUS_MOVE = YES;
				CLANG_WARN_UNGUARDED_AVAILABILITY = YES_AGGRESSIVE;
				CLANG_WARN_UNREACHABLE_CODE = YES;
				CLANG_WARN__DUPLICATE_METHOD_MATCH = YES;
				COPY_PHASE_STRIP = NO;
				DEBUG_INFORMATION_FORMAT = dwarf;
				ENABLE_STRICT_OBJC_MSGSEND = YES;
				ENABLE_TESTABILITY = YES;
				GCC_C_LANGUAGE_STANDARD = gnu11;
				GCC_DYNAMIC_NO_PIC = NO;
				GCC_NO_COMMON_BLOCKS = YES;
				GCC_OPTIMIZATION_LEVEL = 0;
				GCC_PREPROCESSOR_DEFINITIONS = (
					"$(inherited)",
					"DEBUG=1",
				);
				GCC_WARN_64_TO_32_BIT_CONVERSION = YES;
				GCC_WARN_ABOUT_RETURN_TYPE = YES_ERROR;
				GCC_WARN_UNDECLARED_SELECTOR = YES;
				GCC_WARN_UNINITIALIZED_AUTOS = YES_AGGRESSIVE;
				GCC_WARN_UNUSED_FUNCTION = YES;
				GCC_WARN_UNUSED_VARIABLE = YES;
				IPHONEOS_DEPLOYMENT_TARGET = 17.0;
				MTL_ENABLE_DEBUG_INFO = INCLUDE_SOURCE;
				MTL_FAST_MATH = YES;
				ONLY_ACTIVE_ARCH = YES;
				PRODUCT_NAME = "$(TARGET_NAME)";
				SDKROOT = iphoneos;
				SUPPORTS_MAC_DESIGNED_FOR_IPAD = NO;
				SWIFT_ACTIVE_COMPILATION_CONDITIONS = DEBUG;
				SWIFT_OPTIMIZATION_LEVEL = "-Onone";
				SWIFT_VERSION = 5.9;
				TARGETED_DEVICE_FAMILY = 2;
			};
			name = Debug;
		};
		C56AFFFB323602B051B1C582 /* Debug */ = {
			isa = XCBuildConfiguration;
			buildSettings = {
				BUNDLE_LOADER = "$(TEST_HOST)";
				LD_RUNPATH_SEARCH_PATHS = (
					"$(inherited)",
					"@executable_path/Frameworks",
					"@loader_path/Frameworks",
				);
				PRODUCT_BUNDLE_IDENTIFIER = com.magicmice.magicMiceTests;
				SDKROOT = iphoneos;
				TARGETED_DEVICE_FAMILY = "1,2";
				TEST_HOST = "$(BUILT_PRODUCTS_DIR)/magicMice.app/magicMice";
			};
			name = Debug;
		};
		C5D13F3A422C16D8AAFE862D /* Debug */ = {
			isa = XCBuildConfiguration;
			buildSettings = {
				ASSETCATALOG_COMPILER_APPICON_NAME = AppIcon;
				CODE_SIGN_IDENTITY = "Apple Development";
				CODE_SIGN_STYLE = Automatic;
				DEVELOPMENT_TEAM = MU335F3K6A;
				INFOPLIST_FILE = magicMice/Resources/Info.plist;
				INFOPLIST_KEY_LSApplicationCategoryType = "public.app-category.utilities";
				LD_RUNPATH_SEARCH_PATHS = (
					"$(inherited)",
					"@executable_path/Frameworks",
				);
				PRODUCT_BUNDLE_IDENTIFIER = com.Dn0w.magicMice;
				SDKROOT = iphoneos;
				TARGETED_DEVICE_FAMILY = "1,2";
			};
			name = Debug;
		};
		DC3EA47F35234FC0858751EA /* Release */ = {
			isa = XCBuildConfiguration;
			buildSettings = {
				ALWAYS_SEARCH_USER_PATHS = NO;
				CLANG_ANALYZER_NONNULL = YES;
				CLANG_ANALYZER_NUMBER_OBJECT_CONVERSION = YES_AGGRESSIVE;
				CLANG_CXX_LANGUAGE_STANDARD = "gnu++14";
				CLANG_CXX_LIBRARY = "libc++";
				CLANG_ENABLE_MODULES = YES;
				CLANG_ENABLE_OBJC_ARC = YES;
				CLANG_ENABLE_OBJC_WEAK = YES;
				CLANG_WARN_BLOCK_CAPTURE_AUTORELEASING = YES;
				CLANG_WARN_BOOL_CONVERSION = YES;
				CLANG_WARN_COMMA = YES;
				CLANG_WARN_CONSTANT_CONVERSION = YES;
				CLANG_WARN_DEPRECATED_OBJC_IMPLEMENTATIONS = YES;
				CLANG_WARN_DIRECT_OBJC_ISA_USAGE = YES_ERROR;
				CLANG_WARN_DOCUMENTATION_COMMENTS = YES;
				CLANG_WARN_EMPTY_BODY = YES;
				CLANG_WARN_ENUM_CONVERSION = YES;
				CLANG_WARN_INFINITE_RECURSION = YES;
				CLANG_WARN_INT_CONVERSION = YES;
				CLANG_WARN_NON_LITERAL_NULL_CONVERSION = YES;
				CLANG_WARN_OBJC_IMPLICIT_RETAIN_SELF = YES;
				CLANG_WARN_OBJC_LITERAL_CONVERSION = YES;
				CLANG_WARN_OBJC_ROOT_CLASS = YES_ERROR;
				CLANG_WARN_QUOTED_INCLUDE_IN_FRAMEWORK_HEADER = YES;
				CLANG_WARN_RANGE_LOOP_ANALYSIS = YES;
				CLANG_WARN_STRICT_PROTOTYPES = YES;
				CLANG_WARN_SUSPICIOUS_MOVE = YES;
				CLANG_WARN_UNGUARDED_AVAILABILITY = YES_AGGRESSIVE;
				CLANG_WARN_UNREACHABLE_CODE = YES;
				CLANG_WARN__DUPLICATE_METHOD_MATCH = YES;
				COPY_PHASE_STRIP = NO;
				DEBUG_INFORMATION_FORMAT = "dwarf-with-dsym";
				ENABLE_NS_ASSERTIONS = NO;
				ENABLE_STRICT_OBJC_MSGSEND = YES;
				GCC_C_LANGUAGE_STANDARD = gnu11;
				GCC_NO_COMMON_BLOCKS = YES;
				GCC_WARN_64_TO_32_BIT_CONVERSION = YES;
				GCC_WARN_ABOUT_RETURN_TYPE = YES_ERROR;
				GCC_WARN_UNDECLARED_SELECTOR = YES;
				GCC_WARN_UNINITIALIZED_AUTOS = YES_AGGRESSIVE;
				GCC_WARN_UNUSED_FUNCTION = YES;
				GCC_WARN_UNUSED_VARIABLE = YES;
				IPHONEOS_DEPLOYMENT_TARGET = 17.0;
				MTL_ENABLE_DEBUG_INFO = NO;
				MTL_FAST_MATH = YES;
				PRODUCT_NAME = "$(TARGET_NAME)";
				SDKROOT = iphoneos;
				SUPPORTS_MAC_DESIGNED_FOR_IPAD = NO;
				SWIFT_COMPILATION_MODE = wholemodule;
				SWIFT_OPTIMIZATION_LEVEL = "-O";
				SWIFT_VERSION = 5.9;
				TARGETED_DEVICE_FAMILY = 2;
			};
			name = Release;
		};
/* End XCBuildConfiguration section */

/* Begin XCConfigurationList section */
		1457A4D808FF003650570BF9 /* Build configuration list for PBXProject "magicMice" */ = {
			isa = XCConfigurationList;
			buildConfigurations = (
				76310D7F99489596092BFB2E /* Debug */,
				DC3EA47F35234FC0858751EA /* Release */,
			);
			defaultConfigurationIsVisible = 0;
			defaultConfigurationName = Debug;
		};
		147537243A0BD0E2A88D990B /* Build configuration list for PBXNativeTarget "magicMiceTests" */ = {
			isa = XCConfigurationList;
			buildConfigurations = (
				C56AFFFB323602B051B1C582 /* Debug */,
				23F38FCF02C23A09A2AE3776 /* Release */,
			);
			defaultConfigurationIsVisible = 0;
			defaultConfigurationName = Debug;
		};
		2CFC9C37EDE397A058D3978A /* Build configuration list for PBXNativeTarget "magicMice" */ = {
			isa = XCConfigurationList;
			buildConfigurations = (
				C5D13F3A422C16D8AAFE862D /* Debug */,
				59A615651ABD1C12083FB4F9 /* Release */,
			);
			defaultConfigurationIsVisible = 0;
			defaultConfigurationName = Debug;
		};
/* End XCConfigurationList section */
	};
	rootObject = E2BA331950E13DDF00B49EE5 /* Project object */;
}
